
Microsoft Visual Studio Solution File, Format Version 12.00
# Visual Studio Version 16
VisualStudioVersion = 16.0.33328.57
MinimumVisualStudioVersion = 10.0.40219.1
Project("{FAE04EC0-301F-11D3-BF4B-00C04F79EFBC}") = "WpfApp1", "WpfApp1\WpfApp1.csproj", "{EA8A0D21-7C27-45B8-9C71-54FC8921E434}"
EndProject
Global
	GlobalSection(SolutionConfigurationPlatforms) = preSolution
		Debug|Any CPU = Debug|Any CPU
		Release|Any CPU = Release|Any CPU
	EndGlobalSection
	GlobalSection(ProjectConfigurationPlatforms) = postSolution
		{EA8A0D21-7C27-45B8-9C71-54FC8921E434}.Debug|Any CPU.ActiveCfg = Debug|Any CPU
		{EA8A0D21-7C27-45B8-9C71-54FC8921E434}.Debug|Any CPU.Build.0 = Debug|Any CPU
		{EA8A0D21-7C27-45B8-9C71-54FC8921E434}.Release|Any CPU.ActiveCfg = Release|Any CPU
		{EA8A0D21-7C27-45B8-9C71-54FC8921E434}.Release|Any CPU.Build.0 = Release|Any CPU
	EndGlobalSection
	GlobalSection(SolutionProperties) = preSolution
		HideSolutionNode = FALSE
	EndGlobalSection
	GlobalSection(ExtensibilityGlobals) = postSolution
		SolutionGuid = {F0302AF0-4A21-489E-B768-09962AC6E2CB}
	EndGlobalSection
EndGlobal
